
Microsoft Visual Studio Solution File, Format Version 12.00
# Visual Studio Version 17
VisualStudioVersion = 17.3.32901.215
MinimumVisualStudioVersion = 10.0.40219.1
Project("{FAE04EC0-301F-11D3-BF4B-00C04F79EFBC}") = "Lab 3 Exercise 2", "MECH 423 Lab3.2\Lab 3 Exercise 2.csproj", "{10913425-4273-49DA-A1BA-5985F8D53FF2}"
EndProject
Project("{FAE04EC0-301F-11D3-BF4B-00C04F79EFBC}") = "Lab 3 Exercise 3", "MECH 423 Lab3.3\Lab 3 Exercise 3.csproj", "{20D1F38D-0AC9-4EF0-BB73-9DD82DE39EA1}"
EndProject
Project("{FAE04EC0-301F-11D3-BF4B-00C04F79EFBC}") = "Lab 3 Exercise 4", "Lab 3 Exercise 4\Lab 3 Exercise 4.csproj", "{A5AA3981-38B7-4309-8797-32D2B285999D}"
EndProject
Project("{FAE04EC0-301F-11D3-BF4B-00C04F79EFBC}") = "ex4.1", "ex4.1\ex4.1.csproj", "{A2B6E4E8-CACA-4D7E-B45C-71AF8F7C0B58}"
EndProject
Global
	GlobalSection(SolutionConfigurationPlatforms) = preSolution
		Debug|Any CPU = Debug|Any CPU
		Release|Any CPU = Release|Any CPU
	EndGlobalSection
	GlobalSection(ProjectConfigurationPlatforms) = postSolution
		{10913425-4273-49DA-A1BA-5985F8D53FF2}.Debug|Any CPU.ActiveCfg = Debug|Any CPU
		{10913425-4273-49DA-A1BA-5985F8D53FF2}.Debug|Any CPU.Build.0 = Debug|Any CPU
		{10913425-4273-49DA-A1BA-5985F8D53FF2}.Release|Any CPU.ActiveCfg = Release|Any CPU
		{10913425-4273-49DA-A1BA-5985F8D53FF2}.Release|Any CPU.Build.0 = Release|Any CPU
		{20D1F38D-0AC9-4EF0-BB73-9DD82DE39EA1}.Debug|Any CPU.ActiveCfg = Debug|Any CPU
		{20D1F38D-0AC9-4EF0-BB73-9DD82DE39EA1}.Debug|Any CPU.Build.0 = Debug|Any CPU
		{20D1F38D-0AC9-4EF0-BB73-9DD82DE39EA1}.Release|Any CPU.ActiveCfg = Release|Any CPU
		{20D1F38D-0AC9-4EF0-BB73-9DD82DE39EA1}.Release|Any CPU.Build.0 = Release|Any CPU
		{A5AA3981-38B7-4309-8797-32D2B285999D}.Debug|Any CPU.ActiveCfg = Debug|Any CPU
		{A5AA3981-38B7-4309-8797-32D2B285999D}.Debug|Any CPU.Build.0 = Debug|Any CPU
		{A5AA3981-38B7-4309-8797-32D2B285999D}.Release|Any CPU.ActiveCfg = Release|Any CPU
		{A5AA3981-38B7-4309-8797-32D2B285999D}.Release|Any CPU.Build.0 = Release|Any CPU
		{A2B6E4E8-CACA-4D7E-B45C-71AF8F7C0B58}.Debug|Any CPU.ActiveCfg = Debug|Any CPU
		{A2B6E4E8-CACA-4D7E-B45C-71AF8F7C0B58}.Debug|Any CPU.Build.0 = Debug|Any CPU
		{A2B6E4E8-CACA-4D7E-B45C-71AF8F7C0B58}.Release|Any CPU.ActiveCfg = Release|Any CPU
		{A2B6E4E8-CACA-4D7E-B45C-71AF8F7C0B58}.Release|Any CPU.Build.0 = Release|Any CPU
	EndGlobalSection
	GlobalSection(SolutionProperties) = preSolution
		HideSolutionNode = FALSE
	EndGlobalSection
	GlobalSection(ExtensibilityGlobals) = postSolution
		SolutionGuid = {18FC355B-2670-4C11-B4AB-E2E5682CA2F2}
	EndGlobalSection
EndGlobal
